(setq el-get-lock-package-versions
      '((migemo :checksum "e4744efae1b2fdea2bbd2ceaff0f6ea0bb739f5a")
        (init-loader :checksum "287da99eadfa3dd85492506db43d68324069b593")
        (open-junk-file :checksum "f87b93ec26e92dc747da43499d0cbf5ab70fd8c2")
        (wgrep :checksum "4e9f3d9822acab2d353c858d33ddaebb629fbfe8")
        (sequential-command-config :checksum "c35a1ef45d77612bc6cd1a8ad9b29f00423f433f")
        (sequential-command :checksum "2d211c05cbd630ac88bb34fe91715f76b853f138")
        (redo+ :checksum "6c91a142cbb9914140c959c79bf8bdba0a0894e2")
        (multiple-cursors :checksum "632768113df76ac9d688fef5530f567716419dd6")
        (ag :checksum "2427786228f13f5893a8513d4837d14d1a1b375f")
        (dash :checksum "958e3fb62fd326d3743c0603b80d24ab85712c03")
        (s :checksum "fc395c8d5e6c14d5e0920ab80d4d5df007eed14a")
        (smartrep :checksum "f0ff5a6d7b8603603598ae3045c98b011e58d86e")
        (popwin :checksum "95dea14c60019d6cccf9a3b33e0dec4e1f22c304")
        (helm :checksum "a0ddb65ce88b6220e6d771b5b6f6645d137d7d15")
        (elscreen :checksum "c47da4023b8fb50bf64c3a33bc4b9d8fbaf73381")
        (with-eval-after-load-feature :checksum "0b38651a5f0dafdfe04bd0032eb5ff803e99460b")
        (el-get-lock :checksum "df8cfe55441695865a64b97946750b6413a40425")))
(setq el-get-lock-locked-packages 'nil)
(setq el-get-lock-unlocked-packages 'nil)
